// !$*UTF8*$!
{
	archiveVersion = 1;
	classes = {
	};
	objectVersion = 46;
	objects = {

/* Begin PBXBuildFile section */
		91137BDE1E951B2000B21CE6 /* AppDelegate.swift in Sources */ = {isa = PBXBuildFile; fileRef = 91137BDD1E951B2000B21CE6 /* AppDelegate.swift */; };
		91137BE51E951B2000B21CE6 /* Assets.xcassets in Resources */ = {isa = PBXBuildFile; fileRef = 91137BE41E951B2000B21CE6 /* Assets.xcassets */; };
		91137BE81E951B2000B21CE6 /* LaunchScreen.storyboard in Resources */ = {isa = PBXBuildFile; fileRef = 91137BE61E951B2000B21CE6 /* LaunchScreen.storyboard */; };
		9145A7441EA0E0C900D33911 /* RoomServiceItemViewController.swift in Sources */ = {isa = PBXBuildFile; fileRef = 9145A7431EA0E0C900D33911 /* RoomServiceItemViewController.swift */; };
		91724ED41EA292CD00FD7240 /* AttributeLabel.swift in Sources */ = {isa = PBXBuildFile; fileRef = 91724ED31EA292CD00FD7240 /* AttributeLabel.swift */; };
		91860F451E9D106100AE4672 /* OnboardingViewController.swift in Sources */ = {isa = PBXBuildFile; fileRef = 91860F441E9D106100AE4672 /* OnboardingViewController.swift */; };
		91860F471E9D131300AE4672 /* Onboarding.storyboard in Resources */ = {isa = PBXBuildFile; fileRef = 91860F461E9D131300AE4672 /* Onboarding.storyboard */; };
		91860F491E9D419700AE4672 /* OnboardingViewCell.swift in Sources */ = {isa = PBXBuildFile; fileRef = 91860F481E9D419700AE4672 /* OnboardingViewCell.swift */; };
		91868F621EA51CE400B589BC /* StyledLabel.swift in Sources */ = {isa = PBXBuildFile; fileRef = 91868F611EA51CE400B589BC /* StyledLabel.swift */; };
		9189F6E01E9B512100DFA856 /* Lato 300.ttf in Resources */ = {isa = PBXBuildFile; fileRef = 9189F6DC1E9B512100DFA856 /* Lato 300.ttf */; };
		9189F6E11E9B512100DFA856 /* Lato 300italic.ttf in Resources */ = {isa = PBXBuildFile; fileRef = 9189F6DD1E9B512100DFA856 /* Lato 300italic.ttf */; };
		9189F6E21E9B512100DFA856 /* Lato regular.ttf in Resources */ = {isa = PBXBuildFile; fileRef = 9189F6DE1E9B512100DFA856 /* Lato regular.ttf */; };
		9189F6E31E9B512100DFA856 /* Oswald regular.ttf in Resources */ = {isa = PBXBuildFile; fileRef = 9189F6DF1E9B512100DFA856 /* Oswald regular.ttf */; };
		919A417E1E9E445300C4CB7C /* ThemeManager.swift in Sources */ = {isa = PBXBuildFile; fileRef = 919A417D1E9E445300C4CB7C /* ThemeManager.swift */; };
		91BDBEC01E9E65A9009CABE8 /* ClearNavigationBar.swift in Sources */ = {isa = PBXBuildFile; fileRef = 91BDBEBF1E9E65A9009CABE8 /* ClearNavigationBar.swift */; };
		91BDBEC41E9E6B58009CABE8 /* RoomServiceCategoryTableViewCell.swift in Sources */ = {isa = PBXBuildFile; fileRef = 91BDBEC31E9E6B58009CABE8 /* RoomServiceCategoryTableViewCell.swift */; };
		91BDBECC1E9E8426009CABE8 /* RoomServiceCategory.swift in Sources */ = {isa = PBXBuildFile; fileRef = 91BDBECB1E9E8426009CABE8 /* RoomServiceCategory.swift */; };
		91BDBECE1E9EAB89009CABE8 /* RoomServiceCategoryImageView.swift in Sources */ = {isa = PBXBuildFile; fileRef = 91BDBECD1E9EAB89009CABE8 /* RoomServiceCategoryImageView.swift */; };
		91BDBED11E9EB607009CABE8 /* RoomServiceItemsTableViewController.swift in Sources */ = {isa = PBXBuildFile; fileRef = 91BDBED01E9EB607009CABE8 /* RoomServiceItemsTableViewController.swift */; };
		91BDBED31E9F96D1009CABE8 /* RoomServiceItemTableViewCell.swift in Sources */ = {isa = PBXBuildFile; fileRef = 91BDBED21E9F96D1009CABE8 /* RoomServiceItemTableViewCell.swift */; };
		91BDBEDA1E9F9EEC009CABE8 /* RoomServiceItem.swift in Sources */ = {isa = PBXBuildFile; fileRef = 91BDBED91E9F9EEC009CABE8 /* RoomServiceItem.swift */; };
		91BDBEDC1E9FA6C6009CABE8 /* RoomServiceItemSection.swift in Sources */ = {isa = PBXBuildFile; fileRef = 91BDBEDB1E9FA6C6009CABE8 /* RoomServiceItemSection.swift */; };
		91F660B31E9E217000DE4D11 /* RoomService.storyboard in Resources */ = {isa = PBXBuildFile; fileRef = 91F660B21E9E217000DE4D11 /* RoomService.storyboard */; };
		91F660B51E9E218700DE4D11 /* RoomServiceCategoriesViewController.swift in Sources */ = {isa = PBXBuildFile; fileRef = 91F660B41E9E218700DE4D11 /* RoomServiceCategoriesViewController.swift */; };
/* End PBXBuildFile section */

/* Begin PBXContainerItemProxy section */
		91137BEF1E951B2000B21CE6 /* PBXContainerItemProxy */ = {
			isa = PBXContainerItemProxy;
			containerPortal = 91137BD21E951B2000B21CE6 /* Project object */;
			proxyType = 1;
			remoteGlobalIDString = 91137BD91E951B2000B21CE6;
			remoteInfo = "Guest Client";
		};
		91137BFA1E951B2000B21CE6 /* PBXContainerItemProxy */ = {
			isa = PBXContainerItemProxy;
			containerPortal = 91137BD21E951B2000B21CE6 /* Project object */;
			proxyType = 1;
			remoteGlobalIDString = 91137BD91E951B2000B21CE6;
			remoteInfo = "Guest Client";
		};
/* End PBXContainerItemProxy section */

/* Begin PBXFileReference section */
		91137BDA1E951B2000B21CE6 /* Guest Client.app */ = {isa = PBXFileReference; explicitFileType = wrapper.application; includeInIndex = 0; path = "Guest Client.app"; sourceTree = BUILT_PRODUCTS_DIR; };
		91137BDD1E951B2000B21CE6 /* AppDelegate.swift */ = {isa = PBXFileReference; lastKnownFileType = sourcecode.swift; path = AppDelegate.swift; sourceTree = "<group>"; };
		91137BE41E951B2000B21CE6 /* Assets.xcassets */ = {isa = PBXFileReference; lastKnownFileType = folder.assetcatalog; path = Assets.xcassets; sourceTree = "<group>"; };
		91137BE71E951B2000B21CE6 /* Base */ = {isa = PBXFileReference; lastKnownFileType = file.storyboard; name = Base; path = Base.lproj/LaunchScreen.storyboard; sourceTree = "<group>"; };
		91137BE91E951B2000B21CE6 /* Info.plist */ = {isa = PBXFileReference; lastKnownFileType = text.plist.xml; path = Info.plist; sourceTree = "<group>"; };
		91137BEE1E951B2000B21CE6 /* Guest ClientTests.xctest */ = {isa = PBXFileReference; explicitFileType = wrapper.cfbundle; includeInIndex = 0; path = "Guest ClientTests.xctest"; sourceTree = BUILT_PRODUCTS_DIR; };
		91137BF41E951B2000B21CE6 /* Info.plist */ = {isa = PBXFileReference; lastKnownFileType = text.plist.xml; path = Info.plist; sourceTree = "<group>"; };
		91137BF91E951B2000B21CE6 /* Guest ClientUITests.xctest */ = {isa = PBXFileReference; explicitFileType = wrapper.cfbundle; includeInIndex = 0; path = "Guest ClientUITests.xctest"; sourceTree = BUILT_PRODUCTS_DIR; };
		91137BFF1E951B2000B21CE6 /* Info.plist */ = {isa = PBXFileReference; lastKnownFileType = text.plist.xml; path = Info.plist; sourceTree = "<group>"; };
		9145A7431EA0E0C900D33911 /* RoomServiceItemViewController.swift */ = {isa = PBXFileReference; fileEncoding = 4; lastKnownFileType = sourcecode.swift; path = RoomServiceItemViewController.swift; sourceTree = "<group>"; };
		91724ED31EA292CD00FD7240 /* AttributeLabel.swift */ = {isa = PBXFileReference; fileEncoding = 4; lastKnownFileType = sourcecode.swift; path = AttributeLabel.swift; sourceTree = "<group>"; };
		91860F441E9D106100AE4672 /* OnboardingViewController.swift */ = {isa = PBXFileReference; fileEncoding = 4; lastKnownFileType = sourcecode.swift; path = OnboardingViewController.swift; sourceTree = "<group>"; };
		91860F461E9D131300AE4672 /* Onboarding.storyboard */ = {isa = PBXFileReference; fileEncoding = 4; lastKnownFileType = file.storyboard; path = Onboarding.storyboard; sourceTree = "<group>"; };
		91860F481E9D419700AE4672 /* OnboardingViewCell.swift */ = {isa = PBXFileReference; fileEncoding = 4; lastKnownFileType = sourcecode.swift; path = OnboardingViewCell.swift; sourceTree = "<group>"; };
		91868F611EA51CE400B589BC /* StyledLabel.swift */ = {isa = PBXFileReference; fileEncoding = 4; lastKnownFileType = sourcecode.swift; path = StyledLabel.swift; sourceTree = "<group>"; };
		9189F6DC1E9B512100DFA856 /* Lato 300.ttf */ = {isa = PBXFileReference; lastKnownFileType = file; path = "Lato 300.ttf"; sourceTree = "<group>"; };
		9189F6DD1E9B512100DFA856 /* Lato 300italic.ttf */ = {isa = PBXFileReference; lastKnownFileType = file; path = "Lato 300italic.ttf"; sourceTree = "<group>"; };
		9189F6DE1E9B512100DFA856 /* Lato regular.ttf */ = {isa = PBXFileReference; lastKnownFileType = file; path = "Lato regular.ttf"; sourceTree = "<group>"; };
		9189F6DF1E9B512100DFA856 /* Oswald regular.ttf */ = {isa = PBXFileReference; lastKnownFileType = file; path = "Oswald regular.ttf"; sourceTree = "<group>"; };
		919A417D1E9E445300C4CB7C /* ThemeManager.swift */ = {isa = PBXFileReference; fileEncoding = 4; lastKnownFileType = sourcecode.swift; path = ThemeManager.swift; sourceTree = "<group>"; };
		91BDBEBF1E9E65A9009CABE8 /* ClearNavigationBar.swift */ = {isa = PBXFileReference; fileEncoding = 4; lastKnownFileType = sourcecode.swift; path = ClearNavigationBar.swift; sourceTree = "<group>"; };
		91BDBEC31E9E6B58009CABE8 /* RoomServiceCategoryTableViewCell.swift */ = {isa = PBXFileReference; fileEncoding = 4; lastKnownFileType = sourcecode.swift; path = RoomServiceCategoryTableViewCell.swift; sourceTree = "<group>"; };
		91BDBECB1E9E8426009CABE8 /* RoomServiceCategory.swift */ = {isa = PBXFileReference; fileEncoding = 4; lastKnownFileType = sourcecode.swift; path = RoomServiceCategory.swift; sourceTree = "<group>"; };
		91BDBECD1E9EAB89009CABE8 /* RoomServiceCategoryImageView.swift */ = {isa = PBXFileReference; fileEncoding = 4; lastKnownFileType = sourcecode.swift; path = RoomServiceCategoryImageView.swift; sourceTree = "<group>"; };
		91BDBED01E9EB607009CABE8 /* RoomServiceItemsTableViewController.swift */ = {isa = PBXFileReference; fileEncoding = 4; lastKnownFileType = sourcecode.swift; path = RoomServiceItemsTableViewController.swift; sourceTree = "<group>"; };
		91BDBED21E9F96D1009CABE8 /* RoomServiceItemTableViewCell.swift */ = {isa = PBXFileReference; fileEncoding = 4; lastKnownFileType = sourcecode.swift; path = RoomServiceItemTableViewCell.swift; sourceTree = "<group>"; };
		91BDBED91E9F9EEC009CABE8 /* RoomServiceItem.swift */ = {isa = PBXFileReference; fileEncoding = 4; lastKnownFileType = sourcecode.swift; path = RoomServiceItem.swift; sourceTree = "<group>"; };
		91BDBEDB1E9FA6C6009CABE8 /* RoomServiceItemSection.swift */ = {isa = PBXFileReference; fileEncoding = 4; lastKnownFileType = sourcecode.swift; path = RoomServiceItemSection.swift; sourceTree = "<group>"; };
		91F660B21E9E217000DE4D11 /* RoomService.storyboard */ = {isa = PBXFileReference; fileEncoding = 4; lastKnownFileType = file.storyboard; path = RoomService.storyboard; sourceTree = "<group>"; };
		91F660B41E9E218700DE4D11 /* RoomServiceCategoriesViewController.swift */ = {isa = PBXFileReference; fileEncoding = 4; lastKnownFileType = sourcecode.swift; path = RoomServiceCategoriesViewController.swift; sourceTree = "<group>"; };
/* End PBXFileReference section */

/* Begin PBXFrameworksBuildPhase section */
		91137BD71E951B2000B21CE6 /* Frameworks */ = {
			isa = PBXFrameworksBuildPhase;
			buildActionMask = 2147483647;
			files = (
			);
			runOnlyForDeploymentPostprocessing = 0;
		};
		91137BEB1E951B2000B21CE6 /* Frameworks */ = {
			isa = PBXFrameworksBuildPhase;
			buildActionMask = 2147483647;
			files = (
			);
			runOnlyForDeploymentPostprocessing = 0;
		};
		91137BF61E951B2000B21CE6 /* Frameworks */ = {
			isa = PBXFrameworksBuildPhase;
			buildActionMask = 2147483647;
			files = (
			);
			runOnlyForDeploymentPostprocessing = 0;
		};
/* End PBXFrameworksBuildPhase section */

/* Begin PBXGroup section */
		91137BD11E951B2000B21CE6 = {
			isa = PBXGroup;
			children = (
				91137BDC1E951B2000B21CE6 /* Guest Client */,
				91137BF11E951B2000B21CE6 /* Guest ClientTests */,
				91137BFC1E951B2000B21CE6 /* Guest ClientUITests */,
				91137BDB1E951B2000B21CE6 /* Products */,
			);
			sourceTree = "<group>";
		};
		91137BDB1E951B2000B21CE6 /* Products */ = {
			isa = PBXGroup;
			children = (
				91137BDA1E951B2000B21CE6 /* Guest Client.app */,
				91137BEE1E951B2000B21CE6 /* Guest ClientTests.xctest */,
				91137BF91E951B2000B21CE6 /* Guest ClientUITests.xctest */,
			);
			name = Products;
			sourceTree = "<group>";
		};
		91137BDC1E951B2000B21CE6 /* Guest Client */ = {
			isa = PBXGroup;
			children = (
				913D8FBC1EA52FBB00B1B3CD /* Custom Elements */,
				91860F4B1E9D466A00AE4672 /* Theme */,
				91860F4A1E9D465000AE4672 /* Onboarding */,
				91F660B11E9E215900DE4D11 /* Room Service */,
				91B335211E9CEF8E0064AF75 /* Resources */,
				91137BDD1E951B2000B21CE6 /* AppDelegate.swift */,
				91137BE61E951B2000B21CE6 /* LaunchScreen.storyboard */,
			);
			path = "Guest Client";
			sourceTree = "<group>";
		};
		91137BF11E951B2000B21CE6 /* Guest ClientTests */ = {
			isa = PBXGroup;
			children = (
				91137C0D1E95281100B21CE6 /* Supporting Files */,
				91137C0C1E95280B00B21CE6 /* Data */,
				91137C0B1E95280600B21CE6 /* Cases */,
			);
			path = "Guest ClientTests";
			sourceTree = "<group>";
		};
		91137BFC1E951B2000B21CE6 /* Guest ClientUITests */ = {
			isa = PBXGroup;
			children = (
				91137BFF1E951B2000B21CE6 /* Info.plist */,
			);
			path = "Guest ClientUITests";
			sourceTree = "<group>";
		};
		91137C0B1E95280600B21CE6 /* Cases */ = {
			isa = PBXGroup;
			children = (
			);
			name = Cases;
			sourceTree = "<group>";
		};
		91137C0C1E95280B00B21CE6 /* Data */ = {
			isa = PBXGroup;
			children = (
			);
			name = Data;
			sourceTree = "<group>";
		};
		91137C0D1E95281100B21CE6 /* Supporting Files */ = {
			isa = PBXGroup;
			children = (
				91137BF41E951B2000B21CE6 /* Info.plist */,
			);
			name = "Supporting Files";
			sourceTree = "<group>";
		};
		913D8FBC1EA52FBB00B1B3CD /* Custom Elements */ = {
			isa = PBXGroup;
			children = (
				91724ED31EA292CD00FD7240 /* AttributeLabel.swift */,
			);
			name = "Custom Elements";
			sourceTree = "<group>";
		};
		91860F4A1E9D465000AE4672 /* Onboarding */ = {
			isa = PBXGroup;
			children = (
				91860F441E9D106100AE4672 /* OnboardingViewController.swift */,
				91860F461E9D131300AE4672 /* Onboarding.storyboard */,
				91860F481E9D419700AE4672 /* OnboardingViewCell.swift */,
			);
			name = Onboarding;
			sourceTree = "<group>";
		};
		91860F4B1E9D466A00AE4672 /* Theme */ = {
			isa = PBXGroup;
			children = (
				91C71ACA1E9DF56D009E1D9B /* Styling Elements */,
				919A417D1E9E445300C4CB7C /* ThemeManager.swift */,
			);
			name = Theme;
			sourceTree = "<group>";
		};
		91B335211E9CEF8E0064AF75 /* Resources */ = {
			isa = PBXGroup;
			children = (
				91137BE41E951B2000B21CE6 /* Assets.xcassets */,
				91137BE91E951B2000B21CE6 /* Info.plist */,
				91B335221E9CEF9D0064AF75 /* Fonts */,
			);
			name = Resources;
			sourceTree = "<group>";
		};
		91B335221E9CEF9D0064AF75 /* Fonts */ = {
			isa = PBXGroup;
			children = (
				9189F6DD1E9B512100DFA856 /* Lato 300italic.ttf */,
				9189F6DE1E9B512100DFA856 /* Lato regular.ttf */,
				9189F6DF1E9B512100DFA856 /* Oswald regular.ttf */,
				9189F6DC1E9B512100DFA856 /* Lato 300.ttf */,
			);
			name = Fonts;
			sourceTree = "<group>";
		};
		91BDBECF1E9EB46F009CABE8 /* Categories */ = {
			isa = PBXGroup;
			children = (
				91BDBECD1E9EAB89009CABE8 /* RoomServiceCategoryImageView.swift */,
				91BDBEC31E9E6B58009CABE8 /* RoomServiceCategoryTableViewCell.swift */,
				91F660B41E9E218700DE4D11 /* RoomServiceCategoriesViewController.swift */,
				91BDBECB1E9E8426009CABE8 /* RoomServiceCategory.swift */,
			);
			name = Categories;
			sourceTree = "<group>";
		};
		91BDBED81E9F9EB8009CABE8 /* Items */ = {
			isa = PBXGroup;
			children = (
				91BDBED21E9F96D1009CABE8 /* RoomServiceItemTableViewCell.swift */,
				91BDBED01E9EB607009CABE8 /* RoomServiceItemsTableViewController.swift */,
				91BDBED91E9F9EEC009CABE8 /* RoomServiceItem.swift */,
				91BDBEDB1E9FA6C6009CABE8 /* RoomServiceItemSection.swift */,
				9145A7431EA0E0C900D33911 /* RoomServiceItemViewController.swift */,
			);
			name = Items;
			sourceTree = "<group>";
		};
		91C71ACA1E9DF56D009E1D9B /* Styling Elements */ = {
			isa = PBXGroup;
			children = (
				91BDBEBF1E9E65A9009CABE8 /* ClearNavigationBar.swift */,
				91868F611EA51CE400B589BC /* StyledLabel.swift */,
			);
			name = "Styling Elements";
			sourceTree = "<group>";
		};
		91F660B11E9E215900DE4D11 /* Room Service */ = {
			isa = PBXGroup;
			children = (
				91BDBECF1E9EB46F009CABE8 /* Categories */,
				91BDBED81E9F9EB8009CABE8 /* Items */,
				91F660B21E9E217000DE4D11 /* RoomService.storyboard */,
			);
			name = "Room Service";
			sourceTree = "<group>";
		};
/* End PBXGroup section */

/* Begin PBXNativeTarget section */
		91137BD91E951B2000B21CE6 /* Guest Client */ = {
			isa = PBXNativeTarget;
			buildConfigurationList = 91137C021E951B2000B21CE6 /* Build configuration list for PBXNativeTarget "Guest Client" */;
			buildPhases = (
				91137BD61E951B2000B21CE6 /* Sources */,
				91137BD71E951B2000B21CE6 /* Frameworks */,
				91137BD81E951B2000B21CE6 /* Resources */,
			);
			buildRules = (
			);
			dependencies = (
			);
			name = "Guest Client";
			productName = "Guest Client";
			productReference = 91137BDA1E951B2000B21CE6 /* Guest Client.app */;
			productType = "com.apple.product-type.application";
		};
		91137BED1E951B2000B21CE6 /* Guest ClientTests */ = {
			isa = PBXNativeTarget;
			buildConfigurationList = 91137C051E951B2000B21CE6 /* Build configuration list for PBXNativeTarget "Guest ClientTests" */;
			buildPhases = (
				91137BEA1E951B2000B21CE6 /* Sources */,
				91137BEB1E951B2000B21CE6 /* Frameworks */,
				91137BEC1E951B2000B21CE6 /* Resources */,
			);
			buildRules = (
			);
			dependencies = (
				91137BF01E951B2000B21CE6 /* PBXTargetDependency */,
			);
			name = "Guest ClientTests";
			productName = "Guest ClientTests";
			productReference = 91137BEE1E951B2000B21CE6 /* Guest ClientTests.xctest */;
			productType = "com.apple.product-type.bundle.unit-test";
		};
		91137BF81E951B2000B21CE6 /* Guest ClientUITests */ = {
			isa = PBXNativeTarget;
			buildConfigurationList = 91137C081E951B2000B21CE6 /* Build configuration list for PBXNativeTarget "Guest ClientUITests" */;
			buildPhases = (
				91137BF51E951B2000B21CE6 /* Sources */,
				91137BF61E951B2000B21CE6 /* Frameworks */,
				91137BF71E951B2000B21CE6 /* Resources */,
			);
			buildRules = (
			);
			dependencies = (
				91137BFB1E951B2000B21CE6 /* PBXTargetDependency */,
			);
			name = "Guest ClientUITests";
			productName = "Guest ClientUITests";
			productReference = 91137BF91E951B2000B21CE6 /* Guest ClientUITests.xctest */;
			productType = "com.apple.product-type.bundle.ui-testing";
		};
/* End PBXNativeTarget section */

/* Begin PBXProject section */
		91137BD21E951B2000B21CE6 /* Project object */ = {
			isa = PBXProject;
			attributes = {
				LastSwiftUpdateCheck = 0830;
				LastUpgradeCheck = 0830;
				ORGANIZATIONNAME = "Automated Hotel";
				TargetAttributes = {
					91137BD91E951B2000B21CE6 = {
						CreatedOnToolsVersion = 8.3;
						DevelopmentTeam = 6TRY7QWR8U;
						ProvisioningStyle = Automatic;
					};
					91137BED1E951B2000B21CE6 = {
						CreatedOnToolsVersion = 8.3;
						ProvisioningStyle = Automatic;
						TestTargetID = 91137BD91E951B2000B21CE6;
					};
					91137BF81E951B2000B21CE6 = {
						CreatedOnToolsVersion = 8.3;
						ProvisioningStyle = Automatic;
						TestTargetID = 91137BD91E951B2000B21CE6;
					};
				};
			};
			buildConfigurationList = 91137BD51E951B2000B21CE6 /* Build configuration list for PBXProject "Guest Client" */;
			compatibilityVersion = "Xcode 3.2";
			developmentRegion = English;
			hasScannedForEncodings = 0;
			knownRegions = (
				en,
				Base,
			);
			mainGroup = 91137BD11E951B2000B21CE6;
			productRefGroup = 91137BDB1E951B2000B21CE6 /* Products */;
			projectDirPath = "";
			projectRoot = "";
			targets = (
				91137BD91E951B2000B21CE6 /* Guest Client */,
				91137BED1E951B2000B21CE6 /* Guest ClientTests */,
				91137BF81E951B2000B21CE6 /* Guest ClientUITests */,
			);
		};
/* End PBXProject section */

/* Begin PBXResourcesBuildPhase section */
		91137BD81E951B2000B21CE6 /* Resources */ = {
			isa = PBXResourcesBuildPhase;
			buildActionMask = 2147483647;
			files = (
				91137BE81E951B2000B21CE6 /* LaunchScreen.storyboard in Resources */,
				91137BE51E951B2000B21CE6 /* Assets.xcassets in Resources */,
				9189F6E21E9B512100DFA856 /* Lato regular.ttf in Resources */,
				91F660B31E9E217000DE4D11 /* RoomService.storyboard in Resources */,
				9189F6E01E9B512100DFA856 /* Lato 300.ttf in Resources */,
				91860F471E9D131300AE4672 /* Onboarding.storyboard in Resources */,
				9189F6E11E9B512100DFA856 /* Lato 300italic.ttf in Resources */,
				9189F6E31E9B512100DFA856 /* Oswald regular.ttf in Resources */,
			);
			runOnlyForDeploymentPostprocessing = 0;
		};
		91137BEC1E951B2000B21CE6 /* Resources */ = {
			isa = PBXResourcesBuildPhase;
			buildActionMask = 2147483647;
			files = (
			);
			runOnlyForDeploymentPostprocessing = 0;
		};
		91137BF71E951B2000B21CE6 /* Resources */ = {
			isa = PBXResourcesBuildPhase;
			buildActionMask = 2147483647;
			files = (
			);
			runOnlyForDeploymentPostprocessing = 0;
		};
/* End PBXResourcesBuildPhase section */

/* Begin PBXSourcesBuildPhase section */
		91137BD61E951B2000B21CE6 /* Sources */ = {
			isa = PBXSourcesBuildPhase;
			buildActionMask = 2147483647;
			files = (
				91BDBECC1E9E8426009CABE8 /* RoomServiceCategory.swift in Sources */,
				91137BDE1E951B2000B21CE6 /* AppDelegate.swift in Sources */,
				91BDBECE1E9EAB89009CABE8 /* RoomServiceCategoryImageView.swift in Sources */,
				91BDBED31E9F96D1009CABE8 /* RoomServiceItemTableViewCell.swift in Sources */,
				91BDBEDC1E9FA6C6009CABE8 /* RoomServiceItemSection.swift in Sources */,
				91860F451E9D106100AE4672 /* OnboardingViewController.swift in Sources */,
				9145A7441EA0E0C900D33911 /* RoomServiceItemViewController.swift in Sources */,
				91BDBEC01E9E65A9009CABE8 /* ClearNavigationBar.swift in Sources */,
				91BDBEC41E9E6B58009CABE8 /* RoomServiceCategoryTableViewCell.swift in Sources */,
				91724ED41EA292CD00FD7240 /* AttributeLabel.swift in Sources */,
				919A417E1E9E445300C4CB7C /* ThemeManager.swift in Sources */,
				91BDBED11E9EB607009CABE8 /* RoomServiceItemsTableViewController.swift in Sources */,
				91BDBEDA1E9F9EEC009CABE8 /* RoomServiceItem.swift in Sources */,
				91868F621EA51CE400B589BC /* StyledLabel.swift in Sources */,
				91860F491E9D419700AE4672 /* OnboardingViewCell.swift in Sources */,
				91F660B51E9E218700DE4D11 /* RoomServiceCategoriesViewController.swift in Sources */,
			);
			runOnlyForDeploymentPostprocessing = 0;
		};
		91137BEA1E951B2000B21CE6 /* Sources */ = {
			isa = PBXSourcesBuildPhase;
			buildActionMask = 2147483647;
			files = (
			);
			runOnlyForDeploymentPostprocessing = 0;
		};
		91137BF51E951B2000B21CE6 /* Sources */ = {
			isa = PBXSourcesBuildPhase;
			buildActionMask = 2147483647;
			files = (
			);
			runOnlyForDeploymentPostprocessing = 0;
		};
/* End PBXSourcesBuildPhase section */

/* Begin PBXTargetDependency section */
		91137BF01E951B2000B21CE6 /* PBXTargetDependency */ = {
			isa = PBXTargetDependency;
			target = 91137BD91E951B2000B21CE6 /* Guest Client */;
			targetProxy = 91137BEF1E951B2000B21CE6 /* PBXContainerItemProxy */;
		};
		91137BFB1E951B2000B21CE6 /* PBXTargetDependency */ = {
			isa = PBXTargetDependency;
			target = 91137BD91E951B2000B21CE6 /* Guest Client */;
			targetProxy = 91137BFA1E951B2000B21CE6 /* PBXContainerItemProxy */;
		};
/* End PBXTargetDependency section */

/* Begin PBXVariantGroup section */
		91137BE61E951B2000B21CE6 /* LaunchScreen.storyboard */ = {
			isa = PBXVariantGroup;
			children = (
				91137BE71E951B2000B21CE6 /* Base */,
			);
			name = LaunchScreen.storyboard;
			sourceTree = "<group>";
		};
/* End PBXVariantGroup section */

/* Begin XCBuildConfiguration section */
		91137C001E951B2000B21CE6 /* Debug */ = {
			isa = XCBuildConfiguration;
			buildSettings = {
				ALWAYS_SEARCH_USER_PATHS = NO;
				CLANG_ANALYZER_NONNULL = YES;
				CLANG_ANALYZER_NUMBER_OBJECT_CONVERSION = YES_AGGRESSIVE;
				CLANG_CXX_LANGUAGE_STANDARD = "gnu++0x";
				CLANG_CXX_LIBRARY = "libc++";
				CLANG_ENABLE_MODULES = YES;
				CLANG_ENABLE_OBJC_ARC = YES;
				CLANG_WARN_BOOL_CONVERSION = YES;
				CLANG_WARN_CONSTANT_CONVERSION = YES;
				CLANG_WARN_DIRECT_OBJC_ISA_USAGE = YES_ERROR;
				CLANG_WARN_DOCUMENTATION_COMMENTS = YES;
				CLANG_WARN_EMPTY_BODY = YES;
				CLANG_WARN_ENUM_CONVERSION = YES;
				CLANG_WARN_INFINITE_RECURSION = YES;
				CLANG_WARN_INT_CONVERSION = YES;
				CLANG_WARN_OBJC_ROOT_CLASS = YES_ERROR;
				CLANG_WARN_SUSPICIOUS_MOVE = YES;
				CLANG_WARN_UNREACHABLE_CODE = YES;
				CLANG_WARN__DUPLICATE_METHOD_MATCH = YES;
				"CODE_SIGN_IDENTITY[sdk=iphoneos*]" = "iPhone Developer";
				COPY_PHASE_STRIP = NO;
				DEBUG_INFORMATION_FORMAT = dwarf;
				ENABLE_STRICT_OBJC_MSGSEND = YES;
				ENABLE_TESTABILITY = YES;
				GCC_C_LANGUAGE_STANDARD = gnu99;
				GCC_DYNAMIC_NO_PIC = NO;
				GCC_NO_COMMON_BLOCKS = YES;
				GCC_OPTIMIZATION_LEVEL = 0;
				GCC_PREPROCESSOR_DEFINITIONS = (
					"DEBUG=1",
					"$(inherited)",
				);
				GCC_WARN_64_TO_32_BIT_CONVERSION = YES;
				GCC_WARN_ABOUT_RETURN_TYPE = YES_ERROR;
				GCC_WARN_UNDECLARED_SELECTOR = YES;
				GCC_WARN_UNINITIALIZED_AUTOS = YES_AGGRESSIVE;
				GCC_WARN_UNUSED_FUNCTION = YES;
				GCC_WARN_UNUSED_VARIABLE = YES;
				IPHONEOS_DEPLOYMENT_TARGET = 10.3;
				MTL_ENABLE_DEBUG_INFO = YES;
				ONLY_ACTIVE_ARCH = YES;
				SDKROOT = iphoneos;
				SWIFT_ACTIVE_COMPILATION_CONDITIONS = DEBUG;
				SWIFT_OPTIMIZATION_LEVEL = "-Onone";
				TARGETED_DEVICE_FAMILY = "1,2";
			};
			name = Debug;
		};
		91137C011E951B2000B21CE6 /* Release */ = {
			isa = XCBuildConfiguration;
			buildSettings = {
				ALWAYS_SEARCH_USER_PATHS = NO;
				CLANG_ANALYZER_NONNULL = YES;
				CLANG_ANALYZER_NUMBER_OBJECT_CONVERSION = YES_AGGRESSIVE;
				CLANG_CXX_LANGUAGE_STANDARD = "gnu++0x";
				CLANG_CXX_LIBRARY = "libc++";
				CLANG_ENABLE_MODULES = YES;
				CLANG_ENABLE_OBJC_ARC = YES;
				CLANG_WARN_BOOL_CONVERSION = YES;
				CLANG_WARN_CONSTANT_CONVERSION = YES;
				CLANG_WARN_DIRECT_OBJC_ISA_USAGE = YES_ERROR;
				CLANG_WARN_DOCUMENTATION_COMMENTS = YES;
				CLANG_WARN_EMPTY_BODY = YES;
				CLANG_WARN_ENUM_CONVERSION = YES;
				CLANG_WARN_INFINITE_RECURSION = YES;
				CLANG_WARN_INT_CONVERSION = YES;
				CLANG_WARN_OBJC_ROOT_CLASS = YES_ERROR;
				CLANG_WARN_SUSPICIOUS_MOVE = YES;
				CLANG_WARN_UNREACHABLE_CODE = YES;
				CLANG_WARN__DUPLICATE_METHOD_MATCH = YES;
				"CODE_SIGN_IDENTITY[sdk=iphoneos*]" = "iPhone Developer";
				COPY_PHASE_STRIP = NO;
				DEBUG_INFORMATION_FORMAT = "dwarf-with-dsym";
				ENABLE_NS_ASSERTIONS = NO;
				ENABLE_STRICT_OBJC_MSGSEND = YES;
				GCC_C_LANGUAGE_STANDARD = gnu99;
				GCC_NO_COMMON_BLOCKS = YES;
				GCC_WARN_64_TO_32_BIT_CONVERSION = YES;
				GCC_WARN_ABOUT_RETURN_TYPE = YES_ERROR;
				GCC_WARN_UNDECLARED_SELECTOR = YES;
				GCC_WARN_UNINITIALIZED_AUTOS = YES_AGGRESSIVE;
				GCC_WARN_UNUSED_FUNCTION = YES;
				GCC_WARN_UNUSED_VARIABLE = YES;
				IPHONEOS_DEPLOYMENT_TARGET = 10.3;
				MTL_ENABLE_DEBUG_INFO = NO;
				SDKROOT = iphoneos;
				SWIFT_OPTIMIZATION_LEVEL = "-Owholemodule";
				TARGETED_DEVICE_FAMILY = "1,2";
				VALIDATE_PRODUCT = YES;
			};
			name = Release;
		};
		91137C031E951B2000B21CE6 /* Debug */ = {
			isa = XCBuildConfiguration;
			buildSettings = {
				ASSETCATALOG_COMPILER_APPICON_NAME = AppIcon;
				DEVELOPMENT_TEAM = 6TRY7QWR8U;
				INFOPLIST_FILE = "Guest Client/Info.plist";
				IPHONEOS_DEPLOYMENT_TARGET = 9.0;
				LD_RUNPATH_SEARCH_PATHS = "$(inherited) @executable_path/Frameworks";
				PRODUCT_BUNDLE_IDENTIFIER = "com.automatedhotel.guest-client";
				PRODUCT_NAME = "$(TARGET_NAME)";
				SWIFT_VERSION = 3.0;
				TARGETED_DEVICE_FAMILY = "1,2";
			};
			name = Debug;
		};
		91137C041E951B2000B21CE6 /* Release */ = {
			isa = XCBuildConfiguration;
			buildSettings = {
				ASSETCATALOG_COMPILER_APPICON_NAME = AppIcon;
				DEVELOPMENT_TEAM = 6TRY7QWR8U;
				INFOPLIST_FILE = "Guest Client/Info.plist";
				IPHONEOS_DEPLOYMENT_TARGET = 9.0;
				LD_RUNPATH_SEARCH_PATHS = "$(inherited) @executable_path/Frameworks";
				PRODUCT_BUNDLE_IDENTIFIER = "com.automatedhotel.guest-client";
				PRODUCT_NAME = "$(TARGET_NAME)";
				SWIFT_VERSION = 3.0;
				TARGETED_DEVICE_FAMILY = "1,2";
			};
			name = Release;
		};
		91137C061E951B2000B21CE6 /* Debug */ = {
			isa = XCBuildConfiguration;
			buildSettings = {
				ALWAYS_EMBED_SWIFT_STANDARD_LIBRARIES = YES;
				BUNDLE_LOADER = "$(TEST_HOST)";
				INFOPLIST_FILE = "Guest ClientTests/Info.plist";
				LD_RUNPATH_SEARCH_PATHS = "$(inherited) @executable_path/Frameworks @loader_path/Frameworks";
				PRODUCT_BUNDLE_IDENTIFIER = "com.automatedhotel.Guest-ClientTests";
				PRODUCT_NAME = "$(TARGET_NAME)";
				SWIFT_VERSION = 3.0;
				TEST_HOST = "$(BUILT_PRODUCTS_DIR)/Guest Client.app/Guest Client";
			};
			name = Debug;
		};
		91137C071E951B2000B21CE6 /* Release */ = {
			isa = XCBuildConfiguration;
			buildSettings = {
				ALWAYS_EMBED_SWIFT_STANDARD_LIBRARIES = YES;
				BUNDLE_LOADER = "$(TEST_HOST)";
				INFOPLIST_FILE = "Guest ClientTests/Info.plist";
				LD_RUNPATH_SEARCH_PATHS = "$(inherited) @executable_path/Frameworks @loader_path/Frameworks";
				PRODUCT_BUNDLE_IDENTIFIER = "com.automatedhotel.Guest-ClientTests";
				PRODUCT_NAME = "$(TARGET_NAME)";
				SWIFT_VERSION = 3.0;
				TEST_HOST = "$(BUILT_PRODUCTS_DIR)/Guest Client.app/Guest Client";
			};
			name = Release;
		};
		91137C091E951B2000B21CE6 /* Debug */ = {
			isa = XCBuildConfiguration;
			buildSettings = {
				ALWAYS_EMBED_SWIFT_STANDARD_LIBRARIES = YES;
				INFOPLIST_FILE = "Guest ClientUITests/Info.plist";
				LD_RUNPATH_SEARCH_PATHS = "$(inherited) @executable_path/Frameworks @loader_path/Frameworks";
				PRODUCT_BUNDLE_IDENTIFIER = "com.automatedhotel.Guest-ClientUITests";
				PRODUCT_NAME = "$(TARGET_NAME)";
				SWIFT_VERSION = 3.0;
				TEST_TARGET_NAME = "Guest Client";
			};
			name = Debug;
		};
		91137C0A1E951B2000B21CE6 /* Release */ = {
			isa = XCBuildConfiguration;
			buildSettings = {
				ALWAYS_EMBED_SWIFT_STANDARD_LIBRARIES = YES;
				INFOPLIST_FILE = "Guest ClientUITests/Info.plist";
				LD_RUNPATH_SEARCH_PATHS = "$(inherited) @executable_path/Frameworks @loader_path/Frameworks";
				PRODUCT_BUNDLE_IDENTIFIER = "com.automatedhotel.Guest-ClientUITests";
				PRODUCT_NAME = "$(TARGET_NAME)";
				SWIFT_VERSION = 3.0;
				TEST_TARGET_NAME = "Guest Client";
			};
			name = Release;
		};
/* End XCBuildConfiguration section */

/* Begin XCConfigurationList section */
		91137BD51E951B2000B21CE6 /* Build configuration list for PBXProject "Guest Client" */ = {
			isa = XCConfigurationList;
			buildConfigurations = (
				91137C001E951B2000B21CE6 /* Debug */,
				91137C011E951B2000B21CE6 /* Release */,
			);
			defaultConfigurationIsVisible = 0;
			defaultConfigurationName = Release;
		};
		91137C021E951B2000B21CE6 /* Build configuration list for PBXNativeTarget "Guest Client" */ = {
			isa = XCConfigurationList;
			buildConfigurations = (
				91137C031E951B2000B21CE6 /* Debug */,
				91137C041E951B2000B21CE6 /* Release */,
			);
			defaultConfigurationIsVisible = 0;
			defaultConfigurationName = Release;
		};
		91137C051E951B2000B21CE6 /* Build configuration list for PBXNativeTarget "Guest ClientTests" */ = {
			isa = XCConfigurationList;
			buildConfigurations = (
				91137C061E951B2000B21CE6 /* Debug */,
				91137C071E951B2000B21CE6 /* Release */,
			);
			defaultConfigurationIsVisible = 0;
			defaultConfigurationName = Release;
		};
		91137C081E951B2000B21CE6 /* Build configuration list for PBXNativeTarget "Guest ClientUITests" */ = {
			isa = XCConfigurationList;
			buildConfigurations = (
				91137C091E951B2000B21CE6 /* Debug */,
				91137C0A1E951B2000B21CE6 /* Release */,
			);
			defaultConfigurationIsVisible = 0;
			defaultConfigurationName = Release;
		};
/* End XCConfigurationList section */
	};
	rootObject = 91137BD21E951B2000B21CE6 /* Project object */;
}
